// !$*UTF8*$!
{
	archiveVersion = 1;
	classes = {
	};
	objectVersion = 56;
	objects = {

/* Begin PBXBuildFile section */
		7514D25D2A351D7C00BEB351 /* RMService.swift in Sources */ = {isa = PBXBuildFile; fileRef = 7514D25C2A351D7C00BEB351 /* RMService.swift */; };
		7514D25F2A351D9800BEB351 /* RMRequest.swift in Sources */ = {isa = PBXBuildFile; fileRef = 7514D25E2A351D9800BEB351 /* RMRequest.swift */; };
		7514D2612A351E1F00BEB351 /* RMEndpoint.swift in Sources */ = {isa = PBXBuildFile; fileRef = 7514D2602A351E1F00BEB351 /* RMEndpoint.swift */; };
		7514D2632A3522E800BEB351 /* RMOrigin.swift in Sources */ = {isa = PBXBuildFile; fileRef = 7514D2622A3522E800BEB351 /* RMOrigin.swift */; };
		7514D2652A35232E00BEB351 /* RMSingleLocation.swift in Sources */ = {isa = PBXBuildFile; fileRef = 7514D2642A35232E00BEB351 /* RMSingleLocation.swift */; };
		7514D2672A3523FE00BEB351 /* RMCharacterStatus.swift in Sources */ = {isa = PBXBuildFile; fileRef = 7514D2662A3523FE00BEB351 /* RMCharacterStatus.swift */; };
		7514D2692A35242600BEB351 /* RMCharacterGender.swift in Sources */ = {isa = PBXBuildFile; fileRef = 7514D2682A35242600BEB351 /* RMCharacterGender.swift */; };
		759681542980AEDD00822A80 /* AppDelegate.swift in Sources */ = {isa = PBXBuildFile; fileRef = 759681532980AEDD00822A80 /* AppDelegate.swift */; };
		759681562980AEDD00822A80 /* SceneDelegate.swift in Sources */ = {isa = PBXBuildFile; fileRef = 759681552980AEDD00822A80 /* SceneDelegate.swift */; };
		759681582980AEDD00822A80 /* RMTabViewController.swift in Sources */ = {isa = PBXBuildFile; fileRef = 759681572980AEDD00822A80 /* RMTabViewController.swift */; };
		7596815D2980AEDF00822A80 /* Assets.xcassets in Resources */ = {isa = PBXBuildFile; fileRef = 7596815C2980AEDF00822A80 /* Assets.xcassets */; };
		759681602980AEDF00822A80 /* LaunchScreen.storyboard in Resources */ = {isa = PBXBuildFile; fileRef = 7596815E2980AEDF00822A80 /* LaunchScreen.storyboard */; };
		759681702980B69200822A80 /* RMLocation.swift in Sources */ = {isa = PBXBuildFile; fileRef = 7596816F2980B69200822A80 /* RMLocation.swift */; };
		759681722980B6A600822A80 /* RMCharacter.swift in Sources */ = {isa = PBXBuildFile; fileRef = 759681712980B6A600822A80 /* RMCharacter.swift */; };
		759681742980C02900822A80 /* RMEpisode.swift in Sources */ = {isa = PBXBuildFile; fileRef = 759681732980C02900822A80 /* RMEpisode.swift */; };
		759681772980C71E00822A80 /* RMCharacterViewController.swift in Sources */ = {isa = PBXBuildFile; fileRef = 759681762980C71E00822A80 /* RMCharacterViewController.swift */; };
		759681792980C88900822A80 /* RMLocationViewController.swift in Sources */ = {isa = PBXBuildFile; fileRef = 759681782980C88900822A80 /* RMLocationViewController.swift */; };
		7596817B2980C89700822A80 /* RMEpisodeViewController.swift in Sources */ = {isa = PBXBuildFile; fileRef = 7596817A2980C89700822A80 /* RMEpisodeViewController.swift */; };
		7596817D2980C8A900822A80 /* RMSettingsViewController.swift in Sources */ = {isa = PBXBuildFile; fileRef = 7596817C2980C8A900822A80 /* RMSettingsViewController.swift */; };
/* End PBXBuildFile section */

/* Begin PBXFileReference section */
		7514D25C2A351D7C00BEB351 /* RMService.swift */ = {isa = PBXFileReference; lastKnownFileType = sourcecode.swift; path = RMService.swift; sourceTree = "<group>"; };
		7514D25E2A351D9800BEB351 /* RMRequest.swift */ = {isa = PBXFileReference; lastKnownFileType = sourcecode.swift; path = RMRequest.swift; sourceTree = "<group>"; };
		7514D2602A351E1F00BEB351 /* RMEndpoint.swift */ = {isa = PBXFileReference; lastKnownFileType = sourcecode.swift; path = RMEndpoint.swift; sourceTree = "<group>"; };
		7514D2622A3522E800BEB351 /* RMOrigin.swift */ = {isa = PBXFileReference; lastKnownFileType = sourcecode.swift; path = RMOrigin.swift; sourceTree = "<group>"; };
		7514D2642A35232E00BEB351 /* RMSingleLocation.swift */ = {isa = PBXFileReference; lastKnownFileType = sourcecode.swift; path = RMSingleLocation.swift; sourceTree = "<group>"; };
		7514D2662A3523FE00BEB351 /* RMCharacterStatus.swift */ = {isa = PBXFileReference; lastKnownFileType = sourcecode.swift; path = RMCharacterStatus.swift; sourceTree = "<group>"; };
		7514D2682A35242600BEB351 /* RMCharacterGender.swift */ = {isa = PBXFileReference; lastKnownFileType = sourcecode.swift; path = RMCharacterGender.swift; sourceTree = "<group>"; };
		759681502980AEDD00822A80 /* RickAndMorty.app */ = {isa = PBXFileReference; explicitFileType = wrapper.application; includeInIndex = 0; path = RickAndMorty.app; sourceTree = BUILT_PRODUCTS_DIR; };
		759681532980AEDD00822A80 /* AppDelegate.swift */ = {isa = PBXFileReference; lastKnownFileType = sourcecode.swift; path = AppDelegate.swift; sourceTree = "<group>"; };
		759681552980AEDD00822A80 /* SceneDelegate.swift */ = {isa = PBXFileReference; lastKnownFileType = sourcecode.swift; path = SceneDelegate.swift; sourceTree = "<group>"; };
		759681572980AEDD00822A80 /* RMTabViewController.swift */ = {isa = PBXFileReference; lastKnownFileType = sourcecode.swift; path = RMTabViewController.swift; sourceTree = "<group>"; };
		7596815C2980AEDF00822A80 /* Assets.xcassets */ = {isa = PBXFileReference; lastKnownFileType = folder.assetcatalog; path = Assets.xcassets; sourceTree = "<group>"; };
		7596815F2980AEDF00822A80 /* Base */ = {isa = PBXFileReference; lastKnownFileType = file.storyboard; name = Base; path = Base.lproj/LaunchScreen.storyboard; sourceTree = "<group>"; };
		759681612980AEDF00822A80 /* Info.plist */ = {isa = PBXFileReference; lastKnownFileType = text.plist.xml; path = Info.plist; sourceTree = "<group>"; };
		7596816F2980B69200822A80 /* RMLocation.swift */ = {isa = PBXFileReference; lastKnownFileType = sourcecode.swift; path = RMLocation.swift; sourceTree = "<group>"; };
		759681712980B6A600822A80 /* RMCharacter.swift */ = {isa = PBXFileReference; lastKnownFileType = sourcecode.swift; path = RMCharacter.swift; sourceTree = "<group>"; };
		759681732980C02900822A80 /* RMEpisode.swift */ = {isa = PBXFileReference; lastKnownFileType = sourcecode.swift; path = RMEpisode.swift; sourceTree = "<group>"; };
		759681762980C71E00822A80 /* RMCharacterViewController.swift */ = {isa = PBXFileReference; lastKnownFileType = sourcecode.swift; path = RMCharacterViewController.swift; sourceTree = "<group>"; };
		759681782980C88900822A80 /* RMLocationViewController.swift */ = {isa = PBXFileReference; lastKnownFileType = sourcecode.swift; path = RMLocationViewController.swift; sourceTree = "<group>"; };
		7596817A2980C89700822A80 /* RMEpisodeViewController.swift */ = {isa = PBXFileReference; lastKnownFileType = sourcecode.swift; path = RMEpisodeViewController.swift; sourceTree = "<group>"; };
		7596817C2980C8A900822A80 /* RMSettingsViewController.swift */ = {isa = PBXFileReference; lastKnownFileType = sourcecode.swift; path = RMSettingsViewController.swift; sourceTree = "<group>"; };
/* End PBXFileReference section */

/* Begin PBXFrameworksBuildPhase section */
		7596814D2980AEDD00822A80 /* Frameworks */ = {
			isa = PBXFrameworksBuildPhase;
			buildActionMask = 2147483647;
			files = (
			);
			runOnlyForDeploymentPostprocessing = 0;
		};
/* End PBXFrameworksBuildPhase section */

/* Begin PBXGroup section */
		759681472980AEDD00822A80 = {
			isa = PBXGroup;
			children = (
				759681522980AEDD00822A80 /* RickAndMorty */,
				759681512980AEDD00822A80 /* Products */,
			);
			sourceTree = "<group>";
		};
		759681512980AEDD00822A80 /* Products */ = {
			isa = PBXGroup;
			children = (
				759681502980AEDD00822A80 /* RickAndMorty.app */,
			);
			name = Products;
			sourceTree = "<group>";
		};
		759681522980AEDD00822A80 /* RickAndMorty */ = {
			isa = PBXGroup;
			children = (
				7596816D2980B23400822A80 /* Resources */,
				7596816E2980B23A00822A80 /* APIClients */,
				7596816C2980B0DF00822A80 /* Managers */,
				7596816A2980B0BB00822A80 /* ViewModels */,
				759681692980B0AC00822A80 /* Views */,
				759681682980B0A100822A80 /* Models */,
				759681672980B09900822A80 /* Controllers */,
				759681612980AEDF00822A80 /* Info.plist */,
			);
			path = RickAndMorty;
			sourceTree = "<group>";
		};
		759681672980B09900822A80 /* Controllers */ = {
			isa = PBXGroup;
			children = (
				759681752980C6D300822A80 /* Core */,
			);
			path = Controllers;
			sourceTree = "<group>";
		};
		759681682980B0A100822A80 /* Models */ = {
			isa = PBXGroup;
			children = (
				7596816F2980B69200822A80 /* RMLocation.swift */,
				759681712980B6A600822A80 /* RMCharacter.swift */,
				759681732980C02900822A80 /* RMEpisode.swift */,
				7514D2622A3522E800BEB351 /* RMOrigin.swift */,
				7514D2642A35232E00BEB351 /* RMSingleLocation.swift */,
				7514D2662A3523FE00BEB351 /* RMCharacterStatus.swift */,
				7514D2682A35242600BEB351 /* RMCharacterGender.swift */,
			);
			path = Models;
			sourceTree = "<group>";
		};
		759681692980B0AC00822A80 /* Views */ = {
			isa = PBXGroup;
			children = (
			);
			path = Views;
			sourceTree = "<group>";
		};
		7596816A2980B0BB00822A80 /* ViewModels */ = {
			isa = PBXGroup;
			children = (
			);
			path = ViewModels;
			sourceTree = "<group>";
		};
		7596816C2980B0DF00822A80 /* Managers */ = {
			isa = PBXGroup;
			children = (
			);
			path = Managers;
			sourceTree = "<group>";
		};
		7596816D2980B23400822A80 /* Resources */ = {
			isa = PBXGroup;
			children = (
				759681532980AEDD00822A80 /* AppDelegate.swift */,
				759681552980AEDD00822A80 /* SceneDelegate.swift */,
				7596815C2980AEDF00822A80 /* Assets.xcassets */,
				7596815E2980AEDF00822A80 /* LaunchScreen.storyboard */,
			);
			path = Resources;
			sourceTree = "<group>";
		};
		7596816E2980B23A00822A80 /* APIClients */ = {
			isa = PBXGroup;
			children = (
				7514D25C2A351D7C00BEB351 /* RMService.swift */,
				7514D25E2A351D9800BEB351 /* RMRequest.swift */,
				7514D2602A351E1F00BEB351 /* RMEndpoint.swift */,
			);
			path = APIClients;
			sourceTree = "<group>";
		};
		759681752980C6D300822A80 /* Core */ = {
			isa = PBXGroup;
			children = (
				759681572980AEDD00822A80 /* RMTabViewController.swift */,
				759681762980C71E00822A80 /* RMCharacterViewController.swift */,
				759681782980C88900822A80 /* RMLocationViewController.swift */,
				7596817A2980C89700822A80 /* RMEpisodeViewController.swift */,
				7596817C2980C8A900822A80 /* RMSettingsViewController.swift */,
			);
			path = Core;
			sourceTree = "<group>";
		};
/* End PBXGroup section */

/* Begin PBXNativeTarget section */
		7596814F2980AEDD00822A80 /* RickAndMorty */ = {
			isa = PBXNativeTarget;
			buildConfigurationList = 759681642980AEDF00822A80 /* Build configuration list for PBXNativeTarget "RickAndMorty" */;
			buildPhases = (
				7596814C2980AEDD00822A80 /* Sources */,
				7596814D2980AEDD00822A80 /* Frameworks */,
				7596814E2980AEDD00822A80 /* Resources */,
			);
			buildRules = (
			);
			dependencies = (
			);
			name = RickAndMorty;
			productName = RickAndMorty;
			productReference = 759681502980AEDD00822A80 /* RickAndMorty.app */;
			productType = "com.apple.product-type.application";
		};
/* End PBXNativeTarget section */

/* Begin PBXProject section */
		759681482980AEDD00822A80 /* Project object */ = {
			isa = PBXProject;
			attributes = {
				BuildIndependentTargetsInParallel = 1;
				LastSwiftUpdateCheck = 1400;
				LastUpgradeCheck = 1400;
				TargetAttributes = {
					7596814F2980AEDD00822A80 = {
						CreatedOnToolsVersion = 14.0.1;
					};
				};
			};
			buildConfigurationList = 7596814B2980AEDD00822A80 /* Build configuration list for PBXProject "RickAndMorty" */;
			compatibilityVersion = "Xcode 14.0";
			developmentRegion = en;
			hasScannedForEncodings = 0;
			knownRegions = (
				en,
				Base,
			);
			mainGroup = 759681472980AEDD00822A80;
			productRefGroup = 759681512980AEDD00822A80 /* Products */;
			projectDirPath = "";
			projectRoot = "";
			targets = (
				7596814F2980AEDD00822A80 /* RickAndMorty */,
			);
		};
/* End PBXProject section */

/* Begin PBXResourcesBuildPhase section */
		7596814E2980AEDD00822A80 /* Resources */ = {
			isa = PBXResourcesBuildPhase;
			buildActionMask = 2147483647;
			files = (
				759681602980AEDF00822A80 /* LaunchScreen.storyboard in Resources */,
				7596815D2980AEDF00822A80 /* Assets.xcassets in Resources */,
			);
			runOnlyForDeploymentPostprocessing = 0;
		};
/* End PBXResourcesBuildPhase section */

/* Begin PBXSourcesBuildPhase section */
		7596814C2980AEDD00822A80 /* Sources */ = {
			isa = PBXSourcesBuildPhase;
			buildActionMask = 2147483647;
			files = (
				7514D2632A3522E800BEB351 /* RMOrigin.swift in Sources */,
				7514D2652A35232E00BEB351 /* RMSingleLocation.swift in Sources */,
				7514D2672A3523FE00BEB351 /* RMCharacterStatus.swift in Sources */,
				7514D2692A35242600BEB351 /* RMCharacterGender.swift in Sources */,
				759681792980C88900822A80 /* RMLocationViewController.swift in Sources */,
				759681742980C02900822A80 /* RMEpisode.swift in Sources */,
				759681582980AEDD00822A80 /* RMTabViewController.swift in Sources */,
				7596817B2980C89700822A80 /* RMEpisodeViewController.swift in Sources */,
				759681542980AEDD00822A80 /* AppDelegate.swift in Sources */,
				759681562980AEDD00822A80 /* SceneDelegate.swift in Sources */,
				7596817D2980C8A900822A80 /* RMSettingsViewController.swift in Sources */,
				7514D25D2A351D7C00BEB351 /* RMService.swift in Sources */,
				759681702980B69200822A80 /* RMLocation.swift in Sources */,
				7514D2612A351E1F00BEB351 /* RMEndpoint.swift in Sources */,
				759681722980B6A600822A80 /* RMCharacter.swift in Sources */,
				7514D25F2A351D9800BEB351 /* RMRequest.swift in Sources */,
				759681772980C71E00822A80 /* RMCharacterViewController.swift in Sources */,
			);
			runOnlyForDeploymentPostprocessing = 0;
		};
/* End PBXSourcesBuildPhase section */

/* Begin PBXVariantGroup section */
		7596815E2980AEDF00822A80 /* LaunchScreen.storyboard */ = {
			isa = PBXVariantGroup;
			children = (
				7596815F2980AEDF00822A80 /* Base */,
			);
			name = LaunchScreen.storyboard;
			sourceTree = "<group>";
		};
/* End PBXVariantGroup section */

/* Begin XCBuildConfiguration section */
		759681622980AEDF00822A80 /* Debug */ = {
			isa = XCBuildConfiguration;
			buildSettings = {
				ALWAYS_SEARCH_USER_PATHS = NO;
				CLANG_ANALYZER_NONNULL = YES;
				CLANG_ANALYZER_NUMBER_OBJECT_CONVERSION = YES_AGGRESSIVE;
				CLANG_CXX_LANGUAGE_STANDARD = "gnu++20";
				CLANG_ENABLE_MODULES = YES;
				CLANG_ENABLE_OBJC_ARC = YES;
				CLANG_ENABLE_OBJC_WEAK = YES;
				CLANG_WARN_BLOCK_CAPTURE_AUTORELEASING = YES;
				CLANG_WARN_BOOL_CONVERSION = YES;
				CLANG_WARN_COMMA = YES;
				CLANG_WARN_CONSTANT_CONVERSION = YES;
				CLANG_WARN_DEPRECATED_OBJC_IMPLEMENTATIONS = YES;
				CLANG_WARN_DIRECT_OBJC_ISA_USAGE = YES_ERROR;
				CLANG_WARN_DOCUMENTATION_COMMENTS = YES;
				CLANG_WARN_EMPTY_BODY = YES;
				CLANG_WARN_ENUM_CONVERSION = YES;
				CLANG_WARN_INFINITE_RECURSION = YES;
				CLANG_WARN_INT_CONVERSION = YES;
				CLANG_WARN_NON_LITERAL_NULL_CONVERSION = YES;
				CLANG_WARN_OBJC_IMPLICIT_RETAIN_SELF = YES;
				CLANG_WARN_OBJC_LITERAL_CONVERSION = YES;
				CLANG_WARN_OBJC_ROOT_CLASS = YES_ERROR;
				CLANG_WARN_QUOTED_INCLUDE_IN_FRAMEWORK_HEADER = YES;
				CLANG_WARN_RANGE_LOOP_ANALYSIS = YES;
				CLANG_WARN_STRICT_PROTOTYPES = YES;
				CLANG_WARN_SUSPICIOUS_MOVE = YES;
				CLANG_WARN_UNGUARDED_AVAILABILITY = YES_AGGRESSIVE;
				CLANG_WARN_UNREACHABLE_CODE = YES;
				CLANG_WARN__DUPLICATE_METHOD_MATCH = YES;
				COPY_PHASE_STRIP = NO;
				DEBUG_INFORMATION_FORMAT = dwarf;
				ENABLE_STRICT_OBJC_MSGSEND = YES;
				ENABLE_TESTABILITY = YES;
				GCC_C_LANGUAGE_STANDARD = gnu11;
				GCC_DYNAMIC_NO_PIC = NO;
				GCC_NO_COMMON_BLOCKS = YES;
				GCC_OPTIMIZATION_LEVEL = 0;
				GCC_PREPROCESSOR_DEFINITIONS = (
					"DEBUG=1",
					"$(inherited)",
				);
				GCC_WARN_64_TO_32_BIT_CONVERSION = YES;
				GCC_WARN_ABOUT_RETURN_TYPE = YES_ERROR;
				GCC_WARN_UNDECLARED_SELECTOR = YES;
				GCC_WARN_UNINITIALIZED_AUTOS = YES_AGGRESSIVE;
				GCC_WARN_UNUSED_FUNCTION = YES;
				GCC_WARN_UNUSED_VARIABLE = YES;
				IPHONEOS_DEPLOYMENT_TARGET = 16.0;
				MTL_ENABLE_DEBUG_INFO = INCLUDE_SOURCE;
				MTL_FAST_MATH = YES;
				ONLY_ACTIVE_ARCH = YES;
				SDKROOT = iphoneos;
				SWIFT_ACTIVE_COMPILATION_CONDITIONS = DEBUG;
				SWIFT_OPTIMIZATION_LEVEL = "-Onone";
			};
			name = Debug;
		};
		759681632980AEDF00822A80 /* Release */ = {
			isa = XCBuildConfiguration;
			buildSettings = {
				ALWAYS_SEARCH_USER_PATHS = NO;
				CLANG_ANALYZER_NONNULL = YES;
				CLANG_ANALYZER_NUMBER_OBJECT_CONVERSION = YES_AGGRESSIVE;
				CLANG_CXX_LANGUAGE_STANDARD = "gnu++20";
				CLANG_ENABLE_MODULES = YES;
				CLANG_ENABLE_OBJC_ARC = YES;
				CLANG_ENABLE_OBJC_WEAK = YES;
				CLANG_WARN_BLOCK_CAPTURE_AUTORELEASING = YES;
				CLANG_WARN_BOOL_CONVERSION = YES;
				CLANG_WARN_COMMA = YES;
				CLANG_WARN_CONSTANT_CONVERSION = YES;
				CLANG_WARN_DEPRECATED_OBJC_IMPLEMENTATIONS = YES;
				CLANG_WARN_DIRECT_OBJC_ISA_USAGE = YES_ERROR;
				CLANG_WARN_DOCUMENTATION_COMMENTS = YES;
				CLANG_WARN_EMPTY_BODY = YES;
				CLANG_WARN_ENUM_CONVERSION = YES;
				CLANG_WARN_INFINITE_RECURSION = YES;
				CLANG_WARN_INT_CONVERSION = YES;
				CLANG_WARN_NON_LITERAL_NULL_CONVERSION = YES;
				CLANG_WARN_OBJC_IMPLICIT_RETAIN_SELF = YES;
				CLANG_WARN_OBJC_LITERAL_CONVERSION = YES;
				CLANG_WARN_OBJC_ROOT_CLASS = YES_ERROR;
				CLANG_WARN_QUOTED_INCLUDE_IN_FRAMEWORK_HEADER = YES;
				CLANG_WARN_RANGE_LOOP_ANALYSIS = YES;
				CLANG_WARN_STRICT_PROTOTYPES = YES;
				CLANG_WARN_SUSPICIOUS_MOVE = YES;
				CLANG_WARN_UNGUARDED_AVAILABILITY = YES_AGGRESSIVE;
				CLANG_WARN_UNREACHABLE_CODE = YES;
				CLANG_WARN__DUPLICATE_METHOD_MATCH = YES;
				COPY_PHASE_STRIP = NO;
				DEBUG_INFORMATION_FORMAT = "dwarf-with-dsym";
				ENABLE_NS_ASSERTIONS = NO;
				ENABLE_STRICT_OBJC_MSGSEND = YES;
				GCC_C_LANGUAGE_STANDARD = gnu11;
				GCC_NO_COMMON_BLOCKS = YES;
				GCC_WARN_64_TO_32_BIT_CONVERSION = YES;
				GCC_WARN_ABOUT_RETURN_TYPE = YES_ERROR;
				GCC_WARN_UNDECLARED_SELECTOR = YES;
				GCC_WARN_UNINITIALIZED_AUTOS = YES_AGGRESSIVE;
				GCC_WARN_UNUSED_FUNCTION = YES;
				GCC_WARN_UNUSED_VARIABLE = YES;
				IPHONEOS_DEPLOYMENT_TARGET = 16.0;
				MTL_ENABLE_DEBUG_INFO = NO;
				MTL_FAST_MATH = YES;
				SDKROOT = iphoneos;
				SWIFT_COMPILATION_MODE = wholemodule;
				SWIFT_OPTIMIZATION_LEVEL = "-O";
				VALIDATE_PRODUCT = YES;
			};
			name = Release;
		};
		759681652980AEDF00822A80 /* Debug */ = {
			isa = XCBuildConfiguration;
			buildSettings = {
				ASSETCATALOG_COMPILER_APPICON_NAME = AppIcon;
				ASSETCATALOG_COMPILER_GLOBAL_ACCENT_COLOR_NAME = AccentColor;
				CODE_SIGN_STYLE = Automatic;
				CURRENT_PROJECT_VERSION = 1;
				DEVELOPMENT_TEAM = 57375XD2FK;
				GENERATE_INFOPLIST_FILE = YES;
				INFOPLIST_FILE = RickAndMorty/Info.plist;
				INFOPLIST_KEY_UIApplicationSupportsIndirectInputEvents = YES;
				INFOPLIST_KEY_UILaunchStoryboardName = LaunchScreen;
				INFOPLIST_KEY_UISupportedInterfaceOrientations_iPad = "UIInterfaceOrientationPortrait UIInterfaceOrientationPortraitUpsideDown UIInterfaceOrientationLandscapeLeft UIInterfaceOrientationLandscapeRight";
				INFOPLIST_KEY_UISupportedInterfaceOrientations_iPhone = "UIInterfaceOrientationPortrait UIInterfaceOrientationLandscapeLeft UIInterfaceOrientationLandscapeRight";
				LD_RUNPATH_SEARCH_PATHS = (
					"$(inherited)",
					"@executable_path/Frameworks",
				);
				MARKETING_VERSION = 1.0;
				PRODUCT_BUNDLE_IDENTIFIER = mx.andreicarvajal.RickAndMorty;
				PRODUCT_NAME = "$(TARGET_NAME)";
				SWIFT_EMIT_LOC_STRINGS = YES;
				SWIFT_VERSION = 5.0;
				TARGETED_DEVICE_FAMILY = "1,2";
			};
			name = Debug;
		};
		759681662980AEDF00822A80 /* Release */ = {
			isa = XCBuildConfiguration;
			buildSettings = {
				ASSETCATALOG_COMPILER_APPICON_NAME = AppIcon;
				ASSETCATALOG_COMPILER_GLOBAL_ACCENT_COLOR_NAME = AccentColor;
				CODE_SIGN_STYLE = Automatic;
				CURRENT_PROJECT_VERSION = 1;
				DEVELOPMENT_TEAM = 57375XD2FK;
				GENERATE_INFOPLIST_FILE = YES;
				INFOPLIST_FILE = RickAndMorty/Info.plist;
				INFOPLIST_KEY_UIApplicationSupportsIndirectInputEvents = YES;
				INFOPLIST_KEY_UILaunchStoryboardName = LaunchScreen;
				INFOPLIST_KEY_UISupportedInterfaceOrientations_iPad = "UIInterfaceOrientationPortrait UIInterfaceOrientationPortraitUpsideDown UIInterfaceOrientationLandscapeLeft UIInterfaceOrientationLandscapeRight";
				INFOPLIST_KEY_UISupportedInterfaceOrientations_iPhone = "UIInterfaceOrientationPortrait UIInterfaceOrientationLandscapeLeft UIInterfaceOrientationLandscapeRight";
				LD_RUNPATH_SEARCH_PATHS = (
					"$(inherited)",
					"@executable_path/Frameworks",
				);
				MARKETING_VERSION = 1.0;
				PRODUCT_BUNDLE_IDENTIFIER = mx.andreicarvajal.RickAndMorty;
				PRODUCT_NAME = "$(TARGET_NAME)";
				SWIFT_EMIT_LOC_STRINGS = YES;
				SWIFT_VERSION = 5.0;
				TARGETED_DEVICE_FAMILY = "1,2";
			};
			name = Release;
		};
/* End XCBuildConfiguration section */

/* Begin XCConfigurationList section */
		7596814B2980AEDD00822A80 /* Build configuration list for PBXProject "RickAndMorty" */ = {
			isa = XCConfigurationList;
			buildConfigurations = (
				759681622980AEDF00822A80 /* Debug */,
				759681632980AEDF00822A80 /* Release */,
			);
			defaultConfigurationIsVisible = 0;
			defaultConfigurationName = Release;
		};
		759681642980AEDF00822A80 /* Build configuration list for PBXNativeTarget "RickAndMorty" */ = {
			isa = XCConfigurationList;
			buildConfigurations = (
				759681652980AEDF00822A80 /* Debug */,
				759681662980AEDF00822A80 /* Release */,
			);
			defaultConfigurationIsVisible = 0;
			defaultConfigurationName = Release;
		};
/* End XCConfigurationList section */
	};
	rootObject = 759681482980AEDD00822A80 /* Project object */;
}
