// !$*UTF8*$!
{
	archiveVersion = 1;
	classes = {
	};
	objectVersion = 56;
	objects = {

/* Begin PBXBuildFile section */
		75D97DEF2BED0D42003D834A /* AppDelegate.swift in Sources */ = {isa = PBXBuildFile; fileRef = 75D97DEE2BED0D42003D834A /* AppDelegate.swift */; };
		75D97DF12BED0D42003D834A /* SceneDelegate.swift in Sources */ = {isa = PBXBuildFile; fileRef = 75D97DF02BED0D42003D834A /* SceneDelegate.swift */; };
		75D97DF32BED0D42003D834A /* RMTabBarController.swift in Sources */ = {isa = PBXBuildFile; fileRef = 75D97DF22BED0D42003D834A /* RMTabBarController.swift */; };
		75D97DF82BED0D44003D834A /* Assets.xcassets in Resources */ = {isa = PBXBuildFile; fileRef = 75D97DF72BED0D44003D834A /* Assets.xcassets */; };
		75D97DFB2BED0D44003D834A /* LaunchScreen.storyboard in Resources */ = {isa = PBXBuildFile; fileRef = 75D97DF92BED0D44003D834A /* LaunchScreen.storyboard */; };
		75D97E0B2BED1024003D834A /* RMLocation.swift in Sources */ = {isa = PBXBuildFile; fileRef = 75D97E0A2BED1024003D834A /* RMLocation.swift */; };
		75D97E0D2BED102D003D834A /* RMCharacter.swift in Sources */ = {isa = PBXBuildFile; fileRef = 75D97E0C2BED102D003D834A /* RMCharacter.swift */; };
		75D97E0F2BED1037003D834A /* RMEpisode.swift in Sources */ = {isa = PBXBuildFile; fileRef = 75D97E0E2BED1037003D834A /* RMEpisode.swift */; };
		75D97E122BED1115003D834A /* RMCharacterViewController.swift in Sources */ = {isa = PBXBuildFile; fileRef = 75D97E112BED1115003D834A /* RMCharacterViewController.swift */; };
		75D97E142BED1150003D834A /* RMEpisodeViewController.swift in Sources */ = {isa = PBXBuildFile; fileRef = 75D97E132BED1150003D834A /* RMEpisodeViewController.swift */; };
		75D97E162BED115F003D834A /* RMLocationViewController.swift in Sources */ = {isa = PBXBuildFile; fileRef = 75D97E152BED115F003D834A /* RMLocationViewController.swift */; };
		75D97E192BED1177003D834A /* RMSettingsViewController.swift in Sources */ = {isa = PBXBuildFile; fileRef = 75D97E182BED1177003D834A /* RMSettingsViewController.swift */; };
		75D97E1B2BED1C0F003D834A /* RMService.swift in Sources */ = {isa = PBXBuildFile; fileRef = 75D97E1A2BED1C0F003D834A /* RMService.swift */; };
		75D97E1D2BED1C1C003D834A /* RMRequest.swift in Sources */ = {isa = PBXBuildFile; fileRef = 75D97E1C2BED1C1C003D834A /* RMRequest.swift */; };
		75D97E1F2BED1CA2003D834A /* RMEndpoint.swift in Sources */ = {isa = PBXBuildFile; fileRef = 75D97E1E2BED1CA2003D834A /* RMEndpoint.swift */; };
/* End PBXBuildFile section */

/* Begin PBXFileReference section */
		75D97DEB2BED0D42003D834A /* RickAndMorty.app */ = {isa = PBXFileReference; explicitFileType = wrapper.application; includeInIndex = 0; path = RickAndMorty.app; sourceTree = BUILT_PRODUCTS_DIR; };
		75D97DEE2BED0D42003D834A /* AppDelegate.swift */ = {isa = PBXFileReference; lastKnownFileType = sourcecode.swift; path = AppDelegate.swift; sourceTree = "<group>"; };
		75D97DF02BED0D42003D834A /* SceneDelegate.swift */ = {isa = PBXFileReference; lastKnownFileType = sourcecode.swift; path = SceneDelegate.swift; sourceTree = "<group>"; };
		75D97DF22BED0D42003D834A /* RMTabBarController.swift */ = {isa = PBXFileReference; lastKnownFileType = sourcecode.swift; path = RMTabBarController.swift; sourceTree = "<group>"; };
		75D97DF72BED0D44003D834A /* Assets.xcassets */ = {isa = PBXFileReference; lastKnownFileType = folder.assetcatalog; path = Assets.xcassets; sourceTree = "<group>"; };
		75D97DFA2BED0D44003D834A /* Base */ = {isa = PBXFileReference; lastKnownFileType = file.storyboard; name = Base; path = Base.lproj/LaunchScreen.storyboard; sourceTree = "<group>"; };
		75D97DFC2BED0D44003D834A /* Info.plist */ = {isa = PBXFileReference; lastKnownFileType = text.plist.xml; path = Info.plist; sourceTree = "<group>"; };
		75D97E0A2BED1024003D834A /* RMLocation.swift */ = {isa = PBXFileReference; lastKnownFileType = sourcecode.swift; path = RMLocation.swift; sourceTree = "<group>"; };
		75D97E0C2BED102D003D834A /* RMCharacter.swift */ = {isa = PBXFileReference; lastKnownFileType = sourcecode.swift; path = RMCharacter.swift; sourceTree = "<group>"; };
		75D97E0E2BED1037003D834A /* RMEpisode.swift */ = {isa = PBXFileReference; lastKnownFileType = sourcecode.swift; path = RMEpisode.swift; sourceTree = "<group>"; };
		75D97E112BED1115003D834A /* RMCharacterViewController.swift */ = {isa = PBXFileReference; lastKnownFileType = sourcecode.swift; path = RMCharacterViewController.swift; sourceTree = "<group>"; };
		75D97E132BED1150003D834A /* RMEpisodeViewController.swift */ = {isa = PBXFileReference; lastKnownFileType = sourcecode.swift; path = RMEpisodeViewController.swift; sourceTree = "<group>"; };
		75D97E152BED115F003D834A /* RMLocationViewController.swift */ = {isa = PBXFileReference; lastKnownFileType = sourcecode.swift; path = RMLocationViewController.swift; sourceTree = "<group>"; };
		75D97E182BED1177003D834A /* RMSettingsViewController.swift */ = {isa = PBXFileReference; lastKnownFileType = sourcecode.swift; path = RMSettingsViewController.swift; sourceTree = "<group>"; };
		75D97E1A2BED1C0F003D834A /* RMService.swift */ = {isa = PBXFileReference; lastKnownFileType = sourcecode.swift; path = RMService.swift; sourceTree = "<group>"; };
		75D97E1C2BED1C1C003D834A /* RMRequest.swift */ = {isa = PBXFileReference; lastKnownFileType = sourcecode.swift; path = RMRequest.swift; sourceTree = "<group>"; };
		75D97E1E2BED1CA2003D834A /* RMEndpoint.swift */ = {isa = PBXFileReference; lastKnownFileType = sourcecode.swift; path = RMEndpoint.swift; sourceTree = "<group>"; };
/* End PBXFileReference section */

/* Begin PBXFrameworksBuildPhase section */
		75D97DE82BED0D42003D834A /* Frameworks */ = {
			isa = PBXFrameworksBuildPhase;
			buildActionMask = 2147483647;
			files = (
			);
			runOnlyForDeploymentPostprocessing = 0;
		};
/* End PBXFrameworksBuildPhase section */

/* Begin PBXGroup section */
		75D97DE22BED0D42003D834A = {
			isa = PBXGroup;
			children = (
				75D97DED2BED0D42003D834A /* RickAndMorty */,
				75D97DEC2BED0D42003D834A /* Products */,
			);
			sourceTree = "<group>";
		};
		75D97DEC2BED0D42003D834A /* Products */ = {
			isa = PBXGroup;
			children = (
				75D97DEB2BED0D42003D834A /* RickAndMorty.app */,
			);
			name = Products;
			sourceTree = "<group>";
		};
		75D97DED2BED0D42003D834A /* RickAndMorty */ = {
			isa = PBXGroup;
			children = (
				75D97E032BED0F05003D834A /* Resources */,
				75D97E042BED0F11003D834A /* Managers */,
				75D97E052BED0F18003D834A /* APIClient */,
				75D97E062BED0F21003D834A /* ViewModels */,
				75D97E092BED0F7F003D834A /* Views */,
				75D97E072BED0F28003D834A /* Models */,
				75D97E082BED0F2D003D834A /* Controllers */,
				75D97DFC2BED0D44003D834A /* Info.plist */,
			);
			path = RickAndMorty;
			sourceTree = "<group>";
		};
		75D97E032BED0F05003D834A /* Resources */ = {
			isa = PBXGroup;
			children = (
				75D97DEE2BED0D42003D834A /* AppDelegate.swift */,
				75D97DF02BED0D42003D834A /* SceneDelegate.swift */,
				75D97DF72BED0D44003D834A /* Assets.xcassets */,
				75D97DF92BED0D44003D834A /* LaunchScreen.storyboard */,
			);
			path = Resources;
			sourceTree = "<group>";
		};
		75D97E042BED0F11003D834A /* Managers */ = {
			isa = PBXGroup;
			children = (
			);
			path = Managers;
			sourceTree = "<group>";
		};
		75D97E052BED0F18003D834A /* APIClient */ = {
			isa = PBXGroup;
			children = (
				75D97E1A2BED1C0F003D834A /* RMService.swift */,
				75D97E1C2BED1C1C003D834A /* RMRequest.swift */,
				75D97E1E2BED1CA2003D834A /* RMEndpoint.swift */,
			);
			path = APIClient;
			sourceTree = "<group>";
		};
		75D97E062BED0F21003D834A /* ViewModels */ = {
			isa = PBXGroup;
			children = (
			);
			path = ViewModels;
			sourceTree = "<group>";
		};
		75D97E072BED0F28003D834A /* Models */ = {
			isa = PBXGroup;
			children = (
				75D97E0A2BED1024003D834A /* RMLocation.swift */,
				75D97E0C2BED102D003D834A /* RMCharacter.swift */,
				75D97E0E2BED1037003D834A /* RMEpisode.swift */,
			);
			path = Models;
			sourceTree = "<group>";
		};
		75D97E082BED0F2D003D834A /* Controllers */ = {
			isa = PBXGroup;
			children = (
				75D97E102BED10FD003D834A /* Core */,
			);
			path = Controllers;
			sourceTree = "<group>";
		};
		75D97E092BED0F7F003D834A /* Views */ = {
			isa = PBXGroup;
			children = (
			);
			path = Views;
			sourceTree = "<group>";
		};
		75D97E102BED10FD003D834A /* Core */ = {
			isa = PBXGroup;
			children = (
				75D97DF22BED0D42003D834A /* RMTabBarController.swift */,
				75D97E112BED1115003D834A /* RMCharacterViewController.swift */,
				75D97E132BED1150003D834A /* RMEpisodeViewController.swift */,
				75D97E152BED115F003D834A /* RMLocationViewController.swift */,
				75D97E182BED1177003D834A /* RMSettingsViewController.swift */,
			);
			path = Core;
			sourceTree = "<group>";
		};
/* End PBXGroup section */

/* Begin PBXNativeTarget section */
		75D97DEA2BED0D42003D834A /* RickAndMorty */ = {
			isa = PBXNativeTarget;
			buildConfigurationList = 75D97DFF2BED0D44003D834A /* Build configuration list for PBXNativeTarget "RickAndMorty" */;
			buildPhases = (
				75D97DE72BED0D42003D834A /* Sources */,
				75D97DE82BED0D42003D834A /* Frameworks */,
				75D97DE92BED0D42003D834A /* Resources */,
			);
			buildRules = (
			);
			dependencies = (
			);
			name = RickAndMorty;
			productName = RickAndMorty;
			productReference = 75D97DEB2BED0D42003D834A /* RickAndMorty.app */;
			productType = "com.apple.product-type.application";
		};
/* End PBXNativeTarget section */

/* Begin PBXProject section */
		75D97DE32BED0D42003D834A /* Project object */ = {
			isa = PBXProject;
			attributes = {
				BuildIndependentTargetsInParallel = 1;
				LastSwiftUpdateCheck = 1420;
				LastUpgradeCheck = 1420;
				TargetAttributes = {
					75D97DEA2BED0D42003D834A = {
						CreatedOnToolsVersion = 14.2;
					};
				};
			};
			buildConfigurationList = 75D97DE62BED0D42003D834A /* Build configuration list for PBXProject "RickAndMorty" */;
			compatibilityVersion = "Xcode 14.0";
			developmentRegion = en;
			hasScannedForEncodings = 0;
			knownRegions = (
				en,
				Base,
			);
			mainGroup = 75D97DE22BED0D42003D834A;
			productRefGroup = 75D97DEC2BED0D42003D834A /* Products */;
			projectDirPath = "";
			projectRoot = "";
			targets = (
				75D97DEA2BED0D42003D834A /* RickAndMorty */,
			);
		};
/* End PBXProject section */

/* Begin PBXResourcesBuildPhase section */
		75D97DE92BED0D42003D834A /* Resources */ = {
			isa = PBXResourcesBuildPhase;
			buildActionMask = 2147483647;
			files = (
				75D97DFB2BED0D44003D834A /* LaunchScreen.storyboard in Resources */,
				75D97DF82BED0D44003D834A /* Assets.xcassets in Resources */,
			);
			runOnlyForDeploymentPostprocessing = 0;
		};
/* End PBXResourcesBuildPhase section */

/* Begin PBXSourcesBuildPhase section */
		75D97DE72BED0D42003D834A /* Sources */ = {
			isa = PBXSourcesBuildPhase;
			buildActionMask = 2147483647;
			files = (
				75D97E162BED115F003D834A /* RMLocationViewController.swift in Sources */,
				75D97E0F2BED1037003D834A /* RMEpisode.swift in Sources */,
				75D97DF32BED0D42003D834A /* RMTabBarController.swift in Sources */,
				75D97DEF2BED0D42003D834A /* AppDelegate.swift in Sources */,
				75D97DF12BED0D42003D834A /* SceneDelegate.swift in Sources */,
				75D97E122BED1115003D834A /* RMCharacterViewController.swift in Sources */,
				75D97E192BED1177003D834A /* RMSettingsViewController.swift in Sources */,
				75D97E1B2BED1C0F003D834A /* RMService.swift in Sources */,
				75D97E0B2BED1024003D834A /* RMLocation.swift in Sources */,
				75D97E1F2BED1CA2003D834A /* RMEndpoint.swift in Sources */,
				75D97E0D2BED102D003D834A /* RMCharacter.swift in Sources */,
				75D97E1D2BED1C1C003D834A /* RMRequest.swift in Sources */,
				75D97E142BED1150003D834A /* RMEpisodeViewController.swift in Sources */,
			);
			runOnlyForDeploymentPostprocessing = 0;
		};
/* End PBXSourcesBuildPhase section */

/* Begin PBXVariantGroup section */
		75D97DF92BED0D44003D834A /* LaunchScreen.storyboard */ = {
			isa = PBXVariantGroup;
			children = (
				75D97DFA2BED0D44003D834A /* Base */,
			);
			name = LaunchScreen.storyboard;
			sourceTree = "<group>";
		};
/* End PBXVariantGroup section */

/* Begin XCBuildConfiguration section */
		75D97DFD2BED0D44003D834A /* Debug */ = {
			isa = XCBuildConfiguration;
			buildSettings = {
				ALWAYS_SEARCH_USER_PATHS = NO;
				CLANG_ANALYZER_NONNULL = YES;
				CLANG_ANALYZER_NUMBER_OBJECT_CONVERSION = YES_AGGRESSIVE;
				CLANG_CXX_LANGUAGE_STANDARD = "gnu++20";
				CLANG_ENABLE_MODULES = YES;
				CLANG_ENABLE_OBJC_ARC = YES;
				CLANG_ENABLE_OBJC_WEAK = YES;
				CLANG_WARN_BLOCK_CAPTURE_AUTORELEASING = YES;
				CLANG_WARN_BOOL_CONVERSION = YES;
				CLANG_WARN_COMMA = YES;
				CLANG_WARN_CONSTANT_CONVERSION = YES;
				CLANG_WARN_DEPRECATED_OBJC_IMPLEMENTATIONS = YES;
				CLANG_WARN_DIRECT_OBJC_ISA_USAGE = YES_ERROR;
				CLANG_WARN_DOCUMENTATION_COMMENTS = YES;
				CLANG_WARN_EMPTY_BODY = YES;
				CLANG_WARN_ENUM_CONVERSION = YES;
				CLANG_WARN_INFINITE_RECURSION = YES;
				CLANG_WARN_INT_CONVERSION = YES;
				CLANG_WARN_NON_LITERAL_NULL_CONVERSION = YES;
				CLANG_WARN_OBJC_IMPLICIT_RETAIN_SELF = YES;
				CLANG_WARN_OBJC_LITERAL_CONVERSION = YES;
				CLANG_WARN_OBJC_ROOT_CLASS = YES_ERROR;
				CLANG_WARN_QUOTED_INCLUDE_IN_FRAMEWORK_HEADER = YES;
				CLANG_WARN_RANGE_LOOP_ANALYSIS = YES;
				CLANG_WARN_STRICT_PROTOTYPES = YES;
				CLANG_WARN_SUSPICIOUS_MOVE = YES;
				CLANG_WARN_UNGUARDED_AVAILABILITY = YES_AGGRESSIVE;
				CLANG_WARN_UNREACHABLE_CODE = YES;
				CLANG_WARN__DUPLICATE_METHOD_MATCH = YES;
				COPY_PHASE_STRIP = NO;
				DEBUG_INFORMATION_FORMAT = dwarf;
				ENABLE_STRICT_OBJC_MSGSEND = YES;
				ENABLE_TESTABILITY = YES;
				GCC_C_LANGUAGE_STANDARD = gnu11;
				GCC_DYNAMIC_NO_PIC = NO;
				GCC_NO_COMMON_BLOCKS = YES;
				GCC_OPTIMIZATION_LEVEL = 0;
				GCC_PREPROCESSOR_DEFINITIONS = (
					"DEBUG=1",
					"$(inherited)",
				);
				GCC_WARN_64_TO_32_BIT_CONVERSION = YES;
				GCC_WARN_ABOUT_RETURN_TYPE = YES_ERROR;
				GCC_WARN_UNDECLARED_SELECTOR = YES;
				GCC_WARN_UNINITIALIZED_AUTOS = YES_AGGRESSIVE;
				GCC_WARN_UNUSED_FUNCTION = YES;
				GCC_WARN_UNUSED_VARIABLE = YES;
				IPHONEOS_DEPLOYMENT_TARGET = 16.2;
				MTL_ENABLE_DEBUG_INFO = INCLUDE_SOURCE;
				MTL_FAST_MATH = YES;
				ONLY_ACTIVE_ARCH = YES;
				SDKROOT = iphoneos;
				SWIFT_ACTIVE_COMPILATION_CONDITIONS = DEBUG;
				SWIFT_OPTIMIZATION_LEVEL = "-Onone";
			};
			name = Debug;
		};
		75D97DFE2BED0D44003D834A /* Release */ = {
			isa = XCBuildConfiguration;
			buildSettings = {
				ALWAYS_SEARCH_USER_PATHS = NO;
				CLANG_ANALYZER_NONNULL = YES;
				CLANG_ANALYZER_NUMBER_OBJECT_CONVERSION = YES_AGGRESSIVE;
				CLANG_CXX_LANGUAGE_STANDARD = "gnu++20";
				CLANG_ENABLE_MODULES = YES;
				CLANG_ENABLE_OBJC_ARC = YES;
				CLANG_ENABLE_OBJC_WEAK = YES;
				CLANG_WARN_BLOCK_CAPTURE_AUTORELEASING = YES;
				CLANG_WARN_BOOL_CONVERSION = YES;
				CLANG_WARN_COMMA = YES;
				CLANG_WARN_CONSTANT_CONVERSION = YES;
				CLANG_WARN_DEPRECATED_OBJC_IMPLEMENTATIONS = YES;
				CLANG_WARN_DIRECT_OBJC_ISA_USAGE = YES_ERROR;
				CLANG_WARN_DOCUMENTATION_COMMENTS = YES;
				CLANG_WARN_EMPTY_BODY = YES;
				CLANG_WARN_ENUM_CONVERSION = YES;
				CLANG_WARN_INFINITE_RECURSION = YES;
				CLANG_WARN_INT_CONVERSION = YES;
				CLANG_WARN_NON_LITERAL_NULL_CONVERSION = YES;
				CLANG_WARN_OBJC_IMPLICIT_RETAIN_SELF = YES;
				CLANG_WARN_OBJC_LITERAL_CONVERSION = YES;
				CLANG_WARN_OBJC_ROOT_CLASS = YES_ERROR;
				CLANG_WARN_QUOTED_INCLUDE_IN_FRAMEWORK_HEADER = YES;
				CLANG_WARN_RANGE_LOOP_ANALYSIS = YES;
				CLANG_WARN_STRICT_PROTOTYPES = YES;
				CLANG_WARN_SUSPICIOUS_MOVE = YES;
				CLANG_WARN_UNGUARDED_AVAILABILITY = YES_AGGRESSIVE;
				CLANG_WARN_UNREACHABLE_CODE = YES;
				CLANG_WARN__DUPLICATE_METHOD_MATCH = YES;
				COPY_PHASE_STRIP = NO;
				DEBUG_INFORMATION_FORMAT = "dwarf-with-dsym";
				ENABLE_NS_ASSERTIONS = NO;
				ENABLE_STRICT_OBJC_MSGSEND = YES;
				GCC_C_LANGUAGE_STANDARD = gnu11;
				GCC_NO_COMMON_BLOCKS = YES;
				GCC_WARN_64_TO_32_BIT_CONVERSION = YES;
				GCC_WARN_ABOUT_RETURN_TYPE = YES_ERROR;
				GCC_WARN_UNDECLARED_SELECTOR = YES;
				GCC_WARN_UNINITIALIZED_AUTOS = YES_AGGRESSIVE;
				GCC_WARN_UNUSED_FUNCTION = YES;
				GCC_WARN_UNUSED_VARIABLE = YES;
				IPHONEOS_DEPLOYMENT_TARGET = 16.2;
				MTL_ENABLE_DEBUG_INFO = NO;
				MTL_FAST_MATH = YES;
				SDKROOT = iphoneos;
				SWIFT_COMPILATION_MODE = wholemodule;
				SWIFT_OPTIMIZATION_LEVEL = "-O";
				VALIDATE_PRODUCT = YES;
			};
			name = Release;
		};
		75D97E002BED0D44003D834A /* Debug */ = {
			isa = XCBuildConfiguration;
			buildSettings = {
				ASSETCATALOG_COMPILER_APPICON_NAME = AppIcon;
				ASSETCATALOG_COMPILER_GLOBAL_ACCENT_COLOR_NAME = AccentColor;
				CODE_SIGN_STYLE = Automatic;
				CURRENT_PROJECT_VERSION = 1;
				DEVELOPMENT_TEAM = 57375XD2FK;
				GENERATE_INFOPLIST_FILE = YES;
				INFOPLIST_FILE = RickAndMorty/Info.plist;
				INFOPLIST_KEY_UIApplicationSupportsIndirectInputEvents = YES;
				INFOPLIST_KEY_UILaunchStoryboardName = LaunchScreen;
				INFOPLIST_KEY_UISupportedInterfaceOrientations_iPad = "UIInterfaceOrientationPortrait UIInterfaceOrientationPortraitUpsideDown UIInterfaceOrientationLandscapeLeft UIInterfaceOrientationLandscapeRight";
				INFOPLIST_KEY_UISupportedInterfaceOrientations_iPhone = "UIInterfaceOrientationPortrait UIInterfaceOrientationLandscapeLeft UIInterfaceOrientationLandscapeRight";
				LD_RUNPATH_SEARCH_PATHS = (
					"$(inherited)",
					"@executable_path/Frameworks",
				);
				MARKETING_VERSION = 1.0;
				PRODUCT_BUNDLE_IDENTIFIER = mx.andrei.RickAndMorty;
				PRODUCT_NAME = "$(TARGET_NAME)";
				SWIFT_EMIT_LOC_STRINGS = YES;
				SWIFT_VERSION = 5.0;
				TARGETED_DEVICE_FAMILY = "1,2";
			};
			name = Debug;
		};
		75D97E012BED0D44003D834A /* Release */ = {
			isa = XCBuildConfiguration;
			buildSettings = {
				ASSETCATALOG_COMPILER_APPICON_NAME = AppIcon;
				ASSETCATALOG_COMPILER_GLOBAL_ACCENT_COLOR_NAME = AccentColor;
				CODE_SIGN_STYLE = Automatic;
				CURRENT_PROJECT_VERSION = 1;
				DEVELOPMENT_TEAM = 57375XD2FK;
				GENERATE_INFOPLIST_FILE = YES;
				INFOPLIST_FILE = RickAndMorty/Info.plist;
				INFOPLIST_KEY_UIApplicationSupportsIndirectInputEvents = YES;
				INFOPLIST_KEY_UILaunchStoryboardName = LaunchScreen;
				INFOPLIST_KEY_UISupportedInterfaceOrientations_iPad = "UIInterfaceOrientationPortrait UIInterfaceOrientationPortraitUpsideDown UIInterfaceOrientationLandscapeLeft UIInterfaceOrientationLandscapeRight";
				INFOPLIST_KEY_UISupportedInterfaceOrientations_iPhone = "UIInterfaceOrientationPortrait UIInterfaceOrientationLandscapeLeft UIInterfaceOrientationLandscapeRight";
				LD_RUNPATH_SEARCH_PATHS = (
					"$(inherited)",
					"@executable_path/Frameworks",
				);
				MARKETING_VERSION = 1.0;
				PRODUCT_BUNDLE_IDENTIFIER = mx.andrei.RickAndMorty;
				PRODUCT_NAME = "$(TARGET_NAME)";
				SWIFT_EMIT_LOC_STRINGS = YES;
				SWIFT_VERSION = 5.0;
				TARGETED_DEVICE_FAMILY = "1,2";
			};
			name = Release;
		};
/* End XCBuildConfiguration section */

/* Begin XCConfigurationList section */
		75D97DE62BED0D42003D834A /* Build configuration list for PBXProject "RickAndMorty" */ = {
			isa = XCConfigurationList;
			buildConfigurations = (
				75D97DFD2BED0D44003D834A /* Debug */,
				75D97DFE2BED0D44003D834A /* Release */,
			);
			defaultConfigurationIsVisible = 0;
			defaultConfigurationName = Release;
		};
		75D97DFF2BED0D44003D834A /* Build configuration list for PBXNativeTarget "RickAndMorty" */ = {
			isa = XCConfigurationList;
			buildConfigurations = (
				75D97E002BED0D44003D834A /* Debug */,
				75D97E012BED0D44003D834A /* Release */,
			);
			defaultConfigurationIsVisible = 0;
			defaultConfigurationName = Release;
		};
/* End XCConfigurationList section */
	};
	rootObject = 75D97DE32BED0D42003D834A /* Project object */;
}
